
Microsoft Visual Studio Solution File, Format Version 12.00
# Visual Studio 2012
Project("{E24C65DC-7377-472B-9ABA-BC803B73C61A}") = "Bootstrap", "http://localhost:60817", "{C31F3CA9-2506-4CAE-BA72-BC7DA26A1115}"
	ProjectSection(WebsiteProperties) = preProject
		UseIISExpress = "true"
		TargetFrameworkMoniker = ".NETFramework,Version%3Dv4.5.2"
		Debug.AspNetCompiler.VirtualPath = "/localhost_60817"
		Debug.AspNetCompiler.PhysicalPath = "..\..\WebSites\Bootstrap\"
		Debug.AspNetCompiler.TargetPath = "PrecompiledWeb\localhost_60817\"
		Debug.AspNetCompiler.Updateable = "true"
		Debug.AspNetCompiler.ForceOverwrite = "true"
		Debug.AspNetCompiler.FixedNames = "false"
		Debug.AspNetCompiler.Debug = "True"
		Release.AspNetCompiler.VirtualPath = "/localhost_60817"
		Release.AspNetCompiler.PhysicalPath = "..\..\WebSites\Bootstrap\"
		Release.AspNetCompiler.TargetPath = "PrecompiledWeb\localhost_60817\"
		Release.AspNetCompiler.Updateable = "true"
		Release.AspNetCompiler.ForceOverwrite = "true"
		Release.AspNetCompiler.FixedNames = "false"
		Release.AspNetCompiler.Debug = "False"
		SlnRelativePath = "..\..\WebSites\Bootstrap\"
		DefaultWebSiteLanguage = "Visual Basic"
	EndProjectSection
EndProject
Global
	GlobalSection(SolutionConfigurationPlatforms) = preSolution
		Debug|Any CPU = Debug|Any CPU
	EndGlobalSection
	GlobalSection(ProjectConfigurationPlatforms) = postSolution
		{C31F3CA9-2506-4CAE-BA72-BC7DA26A1115}.Debug|Any CPU.ActiveCfg = Debug|Any CPU
		{C31F3CA9-2506-4CAE-BA72-BC7DA26A1115}.Debug|Any CPU.Build.0 = Debug|Any CPU
	EndGlobalSection
	GlobalSection(SolutionProperties) = preSolution
		HideSolutionNode = FALSE
	EndGlobalSection
EndGlobal
